{
  "nodes": {
    "nixpkgs": {
      "locked": {
        "lastModified": 1644026202,
        "narHash": "sha256-EN9MoDXNcDu+kd1cxZg5PplEtZUllSYCHY5pBmxeoP4=",
        "owner": "nixos",
        "repo": "nixpkgs",
        "rev": "88dcc4ff3ba0a78b829ffd2c6d7c4499bf675419",
        "type": "github"
      },
      "original": {
        "owner": "nixos",
        "ref": "nixos-21.11",
        "repo": "nixpkgs",
        "type": "github"
      }
    },
    "root": {
      "inputs": {
        "nixpkgs": "nixpkgs",
        "utils": "utils"
      }
    },
    "utils": {
      "locked": {
        "lastModified": 1642700792,
        "narHash": "sha256-XqHrk7hFb+zBvRg6Ghl+AZDq03ov6OshJLiSWOoX5es=",
        "owner": "numtide",
        "repo": "flake-utils",
        "rev": "846b2ae0fc4cc943637d3d1def4454213e203cba",
        "type": "github"
      },
      "original": {
        "owner": "numtide",
        "repo": "flake-utils",
        "type": "github"
      }
    }
  },
  "root": "root",
  "version": 7
}
